{
  "name": "cadavre-exquis",
  "version": "1.0.0",
  "lockfileVersion": 3,
  "requires": true,
  "packages": {
    "": {
      "name": "cadavre-exquis",
      "version": "1.0.0",
      "license": "ISC",
      "dependencies": {
        "ejs": "^5.0.1",
        "express": "^5.2.1"
      },
      "devDependencies": {
        "nodemon": "^3.1.14"
      }
    }
  }
}
